{
    "_readme": [
        "This file locks the dependencies of your project to a known state",
        "Read more about it at https://getcomposer.org/doc/01-basic-usage.md#installing-dependencies",
        "This file is @generated automatically"
    ],
    "content-hash": "50589a99aaa937f41e9cfcb02c075a22",
    "packages": [
        {
            "name": "deploydoubles/checks-php",
            "version": "v0.1.0",
            "source": {
                "type": "git",
                "url": "https://github.com/deploydoubles/checks-php.git",
                "reference": "2d9fa3b33387c5d55cc460b6d020707ddc716fdd"
            },
            "dist": {
                "type": "zip",
                "url": "https://api.github.com/repos/deploydoubles/checks-php/zipball/2d9fa3b33387c5d55cc460b6d020707ddc716fdd",
                "reference": "2d9fa3b33387c5d55cc460b6d020707ddc716fdd",
                "shasum": ""
            },
            "require": {
                "ext-json": "*",
                "php": ">=8.2"
            },
            "require-dev": {
                "doctrine/dbal": "^4.0",
                "orchestra/testbench": "^10.0 || ^11.0",
                "pestphp/pest": "^4.0 || ^5.0",
                "symfony/framework-bundle": "^7.4 || ^8.0",
                "symfony/messenger": "^7.4 || ^8.0"
            },
            "bin": [
                "bin/deploy-report-run"
            ],
            "type": "library",
            "extra": {
                "laravel": {
                    "providers": [
                        "DeployDoubles\\Checks\\Laravel\\DeployReportServiceProvider"
                    ]
                }
            },
            "autoload": {
                "files": [
                    "bootstrap.php"
                ],
                "psr-4": {
                    "DeployDoubles\\Checks\\": "src/"
                }
            },
            "notification-url": "https://packagist.org/downloads/",
            "license": [
                "MIT"
            ],
            "authors": [
                {
                    "name": "Jan Peter Wiersma"
                },
                {
                    "name": "Deploy Doubles contributors",
                    "homepage": "https://github.com/deploydoubles/doubles/graphs/contributors"
                }
            ],
            "description": "Generates the Deploy Doubles deploy report (/.well-known/deploy-report) for PHP applications.",
            "homepage": "https://github.com/deploydoubles/checks-php",
            "keywords": [
                "deploy",
                "deploy-report",
                "health",
                "laravel",
                "symfony",
                "verification"
            ],
            "support": {
                "source": "https://github.com/deploydoubles/checks-php/tree/v0.1.0"
            },
            "time": "2026-10-06T09:55:17+00:00"
        }
    ],
    "packages-dev": [],
    "aliases": [],
    "minimum-stability": "stable",
    "stability-flags": {},
    "prefer-stable": true,
    "prefer-lowest": false,
    "platform": {
        "php": ">=8.3",
        "ext-pdo_mysql": "*"
    },
    "platform-dev": {},
    "plugin-api-version": "2.9.0"
}
